PODS:
  - FreeStreamer (2.14.1):
    - Reachability (~> 3.0)
  - Reachability (3.2)
  - REMenu (1.10)

DEPENDENCIES:
  - FreeStreamer (~> 2.1)
  - REMenu (~> 1.10)

SPEC CHECKSUMS:
  FreeStreamer: 8f4c670ae0878c5fb6da4f3006a02ab97a9abd10
  Reachability: 33e18b67625424e47b6cde6d202dce689ad7af96
  REMenu: 30dad195930adf6c5eeb8041e3257aa60bf9fa49

COCOAPODS: 0.39.0
