// !$*UTF8*$!
{
	archiveVersion = 1;
	classes = {
	};
	objectVersion = 46;
	objects = {

/* Begin PBXBuildFile section */
		535E100A1BD5ECA000D5DBDD /* main.m in Sources */ = {isa = PBXBuildFile; fileRef = 535E10091BD5ECA000D5DBDD /* main.m */; };
		535E100D1BD5ECA000D5DBDD /* AppDelegate.m in Sources */ = {isa = PBXBuildFile; fileRef = 535E100C1BD5ECA000D5DBDD /* AppDelegate.m */; };
		535E10131BD5ECA000D5DBDD /* Main.storyboard in Resources */ = {isa = PBXBuildFile; fileRef = 535E10111BD5ECA000D5DBDD /* Main.storyboard */; };
		535E10151BD5ECA000D5DBDD /* Assets.xcassets in Resources */ = {isa = PBXBuildFile; fileRef = 535E10141BD5ECA000D5DBDD /* Assets.xcassets */; };
		535E10181BD5ECA000D5DBDD /* LaunchScreen.storyboard in Resources */ = {isa = PBXBuildFile; fileRef = 535E10161BD5ECA000D5DBDD /* LaunchScreen.storyboard */; };
		535E10221BD5EEF600D5DBDD /* homeViewController.m in Sources */ = {isa = PBXBuildFile; fileRef = 535E10211BD5EEF600D5DBDD /* homeViewController.m */; settings = {ASSET_TAGS = (); }; };
		535E102C1BD60FF300D5DBDD /* playlistViewController.m in Sources */ = {isa = PBXBuildFile; fileRef = 535E102B1BD60FF300D5DBDD /* playlistViewController.m */; settings = {ASSET_TAGS = (); }; };
		CEEADB04AC3D7EDFEB789338 /* Pods_kalxfm.framework in Frameworks */ = {isa = PBXBuildFile; fileRef = B3481BAA34868C0A764C7766 /* Pods_kalxfm.framework */; };
/* End PBXBuildFile section */

/* Begin PBXFileReference section */
		3978DAB3A0944EC5AC9A8CB9 /* Pods-kalxfm.release.xcconfig */ = {isa = PBXFileReference; includeInIndex = 1; lastKnownFileType = text.xcconfig; name = "Pods-kalxfm.release.xcconfig"; path = "Pods/Target Support Files/Pods-kalxfm/Pods-kalxfm.release.xcconfig"; sourceTree = "<group>"; };
		535E10051BD5ECA000D5DBDD /* kalxfm.app */ = {isa = PBXFileReference; explicitFileType = wrapper.application; includeInIndex = 0; path = kalxfm.app; sourceTree = BUILT_PRODUCTS_DIR; };
		535E10091BD5ECA000D5DBDD /* main.m */ = {isa = PBXFileReference; lastKnownFileType = sourcecode.c.objc; path = main.m; sourceTree = "<group>"; };
		535E100B1BD5ECA000D5DBDD /* AppDelegate.h */ = {isa = PBXFileReference; lastKnownFileType = sourcecode.c.h; path = AppDelegate.h; sourceTree = "<group>"; };
		535E100C1BD5ECA000D5DBDD /* AppDelegate.m */ = {isa = PBXFileReference; lastKnownFileType = sourcecode.c.objc; path = AppDelegate.m; sourceTree = "<group>"; };
		535E10121BD5ECA000D5DBDD /* Base */ = {isa = PBXFileReference; lastKnownFileType = file.storyboard; name = Base; path = Base.lproj/Main.storyboard; sourceTree = "<group>"; };
		535E10141BD5ECA000D5DBDD /* Assets.xcassets */ = {isa = PBXFileReference; lastKnownFileType = folder.assetcatalog; path = Assets.xcassets; sourceTree = "<group>"; };
		535E10171BD5ECA000D5DBDD /* Base */ = {isa = PBXFileReference; lastKnownFileType = file.storyboard; name = Base; path = Base.lproj/LaunchScreen.storyboard; sourceTree = "<group>"; };
		535E10191BD5ECA000D5DBDD /* Info.plist */ = {isa = PBXFileReference; lastKnownFileType = text.plist.xml; path = Info.plist; sourceTree = "<group>"; };
		535E10201BD5EEF600D5DBDD /* homeViewController.h */ = {isa = PBXFileReference; fileEncoding = 4; lastKnownFileType = sourcecode.c.h; name = homeViewController.h; path = controllers/homeViewController.h; sourceTree = "<group>"; };
		535E10211BD5EEF600D5DBDD /* homeViewController.m */ = {isa = PBXFileReference; fileEncoding = 4; lastKnownFileType = sourcecode.c.objc; name = homeViewController.m; path = controllers/homeViewController.m; sourceTree = "<group>"; };
		535E10231BD602BD00D5DBDD /* MediaPlayer.framework */ = {isa = PBXFileReference; lastKnownFileType = wrapper.framework; name = MediaPlayer.framework; path = System/Library/Frameworks/MediaPlayer.framework; sourceTree = SDKROOT; };
		535E10251BD602C200D5DBDD /* AVFoundation.framework */ = {isa = PBXFileReference; lastKnownFileType = wrapper.framework; name = AVFoundation.framework; path = System/Library/Frameworks/AVFoundation.framework; sourceTree = SDKROOT; };
		535E102A1BD60FF300D5DBDD /* playlistViewController.h */ = {isa = PBXFileReference; fileEncoding = 4; lastKnownFileType = sourcecode.c.h; name = playlistViewController.h; path = controllers/playlistViewController.h; sourceTree = "<group>"; };
		535E102B1BD60FF300D5DBDD /* playlistViewController.m */ = {isa = PBXFileReference; fileEncoding = 4; lastKnownFileType = sourcecode.c.objc; name = playlistViewController.m; path = controllers/playlistViewController.m; sourceTree = "<group>"; };
		B3481BAA34868C0A764C7766 /* Pods_kalxfm.framework */ = {isa = PBXFileReference; explicitFileType = wrapper.framework; includeInIndex = 0; path = Pods_kalxfm.framework; sourceTree = BUILT_PRODUCTS_DIR; };
		E749114ADEAA82A987191991 /* Pods-kalxfm.debug.xcconfig */ = {isa = PBXFileReference; includeInIndex = 1; lastKnownFileType = text.xcconfig; name = "Pods-kalxfm.debug.xcconfig"; path = "Pods/Target Support Files/Pods-kalxfm/Pods-kalxfm.debug.xcconfig"; sourceTree = "<group>"; };
/* End PBXFileReference section */

/* Begin PBXFrameworksBuildPhase section */
		535E10021BD5ECA000D5DBDD /* Frameworks */ = {
			isa = PBXFrameworksBuildPhase;
			buildActionMask = 2147483647;
			files = (
				CEEADB04AC3D7EDFEB789338 /* Pods_kalxfm.framework in Frameworks */,
			);
			runOnlyForDeploymentPostprocessing = 0;
		};
/* End PBXFrameworksBuildPhase section */

/* Begin PBXGroup section */
		0443BAA1689F41EF8E9BD9B5 /* Frameworks */ = {
			isa = PBXGroup;
			children = (
				535E10251BD602C200D5DBDD /* AVFoundation.framework */,
				535E10231BD602BD00D5DBDD /* MediaPlayer.framework */,
				B3481BAA34868C0A764C7766 /* Pods_kalxfm.framework */,
			);
			name = Frameworks;
			sourceTree = "<group>";
		};
		535E0FFC1BD5ECA000D5DBDD = {
			isa = PBXGroup;
			children = (
				535E10071BD5ECA000D5DBDD /* kalxfm */,
				535E10061BD5ECA000D5DBDD /* Products */,
				D3C6EED2F6958100D47AFC42 /* Pods */,
				0443BAA1689F41EF8E9BD9B5 /* Frameworks */,
			);
			sourceTree = "<group>";
		};
		535E10061BD5ECA000D5DBDD /* Products */ = {
			isa = PBXGroup;
			children = (
				535E10051BD5ECA000D5DBDD /* kalxfm.app */,
			);
			name = Products;
			sourceTree = "<group>";
		};
		535E10071BD5ECA000D5DBDD /* kalxfm */ = {
			isa = PBXGroup;
			children = (
				535E101F1BD5EED000D5DBDD /* controllers */,
				535E100B1BD5ECA000D5DBDD /* AppDelegate.h */,
				535E100C1BD5ECA000D5DBDD /* AppDelegate.m */,
				535E10111BD5ECA000D5DBDD /* Main.storyboard */,
				535E10141BD5ECA000D5DBDD /* Assets.xcassets */,
				535E10161BD5ECA000D5DBDD /* LaunchScreen.storyboard */,
				535E10191BD5ECA000D5DBDD /* Info.plist */,
				535E10081BD5ECA000D5DBDD /* Supporting Files */,
			);
			path = kalxfm;
			sourceTree = "<group>";
		};
		535E10081BD5ECA000D5DBDD /* Supporting Files */ = {
			isa = PBXGroup;
			children = (
				535E10091BD5ECA000D5DBDD /* main.m */,
			);
			name = "Supporting Files";
			sourceTree = "<group>";
		};
		535E101F1BD5EED000D5DBDD /* controllers */ = {
			isa = PBXGroup;
			children = (
				535E10201BD5EEF600D5DBDD /* homeViewController.h */,
				535E10211BD5EEF600D5DBDD /* homeViewController.m */,
				535E102A1BD60FF300D5DBDD /* playlistViewController.h */,
				535E102B1BD60FF300D5DBDD /* playlistViewController.m */,
			);
			name = controllers;
			sourceTree = "<group>";
		};
		D3C6EED2F6958100D47AFC42 /* Pods */ = {
			isa = PBXGroup;
			children = (
				E749114ADEAA82A987191991 /* Pods-kalxfm.debug.xcconfig */,
				3978DAB3A0944EC5AC9A8CB9 /* Pods-kalxfm.release.xcconfig */,
			);
			name = Pods;
			sourceTree = "<group>";
		};
/* End PBXGroup section */

/* Begin PBXNativeTarget section */
		535E10041BD5ECA000D5DBDD /* kalxfm */ = {
			isa = PBXNativeTarget;
			buildConfigurationList = 535E101C1BD5ECA000D5DBDD /* Build configuration list for PBXNativeTarget "kalxfm" */;
			buildPhases = (
				68E2CABF06DBE5E9E8D60BEA /* Check Pods Manifest.lock */,
				535E10011BD5ECA000D5DBDD /* Sources */,
				535E10021BD5ECA000D5DBDD /* Frameworks */,
				535E10031BD5ECA000D5DBDD /* Resources */,
				50BB4E7A1BC36AD449583C87 /* Embed Pods Frameworks */,
				A3E765B2FC8752C140804FEC /* Copy Pods Resources */,
			);
			buildRules = (
			);
			dependencies = (
			);
			name = kalxfm;
			productName = kalxfm;
			productReference = 535E10051BD5ECA000D5DBDD /* kalxfm.app */;
			productType = "com.apple.product-type.application";
		};
/* End PBXNativeTarget section */

/* Begin PBXProject section */
		535E0FFD1BD5ECA000D5DBDD /* Project object */ = {
			isa = PBXProject;
			attributes = {
				LastUpgradeCheck = 0700;
				ORGANIZATIONNAME = "Giv Parvaneh";
				TargetAttributes = {
					535E10041BD5ECA000D5DBDD = {
						CreatedOnToolsVersion = 7.0;
						DevelopmentTeam = QYF7WP8QCG;
						SystemCapabilities = {
							com.apple.BackgroundModes = {
								enabled = 1;
							};
						};
					};
				};
			};
			buildConfigurationList = 535E10001BD5ECA000D5DBDD /* Build configuration list for PBXProject "kalxfm" */;
			compatibilityVersion = "Xcode 3.2";
			developmentRegion = English;
			hasScannedForEncodings = 0;
			knownRegions = (
				en,
				Base,
			);
			mainGroup = 535E0FFC1BD5ECA000D5DBDD;
			productRefGroup = 535E10061BD5ECA000D5DBDD /* Products */;
			projectDirPath = "";
			projectRoot = "";
			targets = (
				535E10041BD5ECA000D5DBDD /* kalxfm */,
			);
		};
/* End PBXProject section */

/* Begin PBXResourcesBuildPhase section */
		535E10031BD5ECA000D5DBDD /* Resources */ = {
			isa = PBXResourcesBuildPhase;
			buildActionMask = 2147483647;
			files = (
				535E10181BD5ECA000D5DBDD /* LaunchScreen.storyboard in Resources */,
				535E10151BD5ECA000D5DBDD /* Assets.xcassets in Resources */,
				535E10131BD5ECA000D5DBDD /* Main.storyboard in Resources */,
			);
			runOnlyForDeploymentPostprocessing = 0;
		};
/* End PBXResourcesBuildPhase section */

/* Begin PBXShellScriptBuildPhase section */
		50BB4E7A1BC36AD449583C87 /* Embed Pods Frameworks */ = {
			isa = PBXShellScriptBuildPhase;
			buildActionMask = 2147483647;
			files = (
			);
			inputPaths = (
			);
			name = "Embed Pods Frameworks";
			outputPaths = (
			);
			runOnlyForDeploymentPostprocessing = 0;
			shellPath = /bin/sh;
			shellScript = "\"${SRCROOT}/Pods/Target Support Files/Pods-kalxfm/Pods-kalxfm-frameworks.sh\"\n";
			showEnvVarsInLog = 0;
		};
		68E2CABF06DBE5E9E8D60BEA /* Check Pods Manifest.lock */ = {
			isa = PBXShellScriptBuildPhase;
			buildActionMask = 2147483647;
			files = (
			);
			inputPaths = (
			);
			name = "Check Pods Manifest.lock";
			outputPaths = (
			);
			runOnlyForDeploymentPostprocessing = 0;
			shellPath = /bin/sh;
			shellScript = "diff \"${PODS_ROOT}/../Podfile.lock\" \"${PODS_ROOT}/Manifest.lock\" > /dev/null\nif [[ $? != 0 ]] ; then\n    cat << EOM\nerror: The sandbox is not in sync with the Podfile.lock. Run 'pod install' or update your CocoaPods installation.\nEOM\n    exit 1\nfi\n";
			showEnvVarsInLog = 0;
		};
		A3E765B2FC8752C140804FEC /* Copy Pods Resources */ = {
			isa = PBXShellScriptBuildPhase;
			buildActionMask = 2147483647;
			files = (
			);
			inputPaths = (
			);
			name = "Copy Pods Resources";
			outputPaths = (
			);
			runOnlyForDeploymentPostprocessing = 0;
			shellPath = /bin/sh;
			shellScript = "\"${SRCROOT}/Pods/Target Support Files/Pods-kalxfm/Pods-kalxfm-resources.sh\"\n";
			showEnvVarsInLog = 0;
		};
/* End PBXShellScriptBuildPhase section */

/* Begin PBXSourcesBuildPhase section */
		535E10011BD5ECA000D5DBDD /* Sources */ = {
			isa = PBXSourcesBuildPhase;
			buildActionMask = 2147483647;
			files = (
				535E102C1BD60FF300D5DBDD /* playlistViewController.m in Sources */,
				535E100D1BD5ECA000D5DBDD /* AppDelegate.m in Sources */,
				535E100A1BD5ECA000D5DBDD /* main.m in Sources */,
				535E10221BD5EEF600D5DBDD /* homeViewController.m in Sources */,
			);
			runOnlyForDeploymentPostprocessing = 0;
		};
/* End PBXSourcesBuildPhase section */

/* Begin PBXVariantGroup section */
		535E10111BD5ECA000D5DBDD /* Main.storyboard */ = {
			isa = PBXVariantGroup;
			children = (
				535E10121BD5ECA000D5DBDD /* Base */,
			);
			name = Main.storyboard;
			sourceTree = "<group>";
		};
		535E10161BD5ECA000D5DBDD /* LaunchScreen.storyboard */ = {
			isa = PBXVariantGroup;
			children = (
				535E10171BD5ECA000D5DBDD /* Base */,
			);
			name = LaunchScreen.storyboard;
			sourceTree = "<group>";
		};
/* End PBXVariantGroup section */

/* Begin XCBuildConfiguration section */
		535E101A1BD5ECA000D5DBDD /* Debug */ = {
			isa = XCBuildConfiguration;
			buildSettings = {
				ALWAYS_SEARCH_USER_PATHS = NO;
				CLANG_CXX_LANGUAGE_STANDARD = "gnu++0x";
				CLANG_CXX_LIBRARY = "libc++";
				CLANG_ENABLE_MODULES = YES;
				CLANG_ENABLE_OBJC_ARC = YES;
				CLANG_WARN_BOOL_CONVERSION = YES;
				CLANG_WARN_CONSTANT_CONVERSION = YES;
				CLANG_WARN_DIRECT_OBJC_ISA_USAGE = YES_ERROR;
				CLANG_WARN_EMPTY_BODY = YES;
				CLANG_WARN_ENUM_CONVERSION = YES;
				CLANG_WARN_INT_CONVERSION = YES;
				CLANG_WARN_OBJC_ROOT_CLASS = YES_ERROR;
				CLANG_WARN_UNREACHABLE_CODE = YES;
				CLANG_WARN__DUPLICATE_METHOD_MATCH = YES;
				"CODE_SIGN_IDENTITY[sdk=iphoneos*]" = "iPhone Developer: Giv Parvaneh (ERU6Z4YNM8)";
				COPY_PHASE_STRIP = NO;
				DEBUG_INFORMATION_FORMAT = dwarf;
				ENABLE_STRICT_OBJC_MSGSEND = YES;
				ENABLE_TESTABILITY = YES;
				GCC_C_LANGUAGE_STANDARD = gnu99;
				GCC_DYNAMIC_NO_PIC = NO;
				GCC_NO_COMMON_BLOCKS = YES;
				GCC_OPTIMIZATION_LEVEL = 0;
				GCC_PREPROCESSOR_DEFINITIONS = (
					"DEBUG=1",
					"$(inherited)",
				);
				GCC_WARN_64_TO_32_BIT_CONVERSION = YES;
				GCC_WARN_ABOUT_RETURN_TYPE = YES_ERROR;
				GCC_WARN_UNDECLARED_SELECTOR = YES;
				GCC_WARN_UNINITIALIZED_AUTOS = YES_AGGRESSIVE;
				GCC_WARN_UNUSED_FUNCTION = YES;
				GCC_WARN_UNUSED_VARIABLE = YES;
				IPHONEOS_DEPLOYMENT_TARGET = 9.0;
				MTL_ENABLE_DEBUG_INFO = YES;
				ONLY_ACTIVE_ARCH = YES;
				SDKROOT = iphoneos;
			};
			name = Debug;
		};
		535E101B1BD5ECA000D5DBDD /* Release */ = {
			isa = XCBuildConfiguration;
			buildSettings = {
				ALWAYS_SEARCH_USER_PATHS = NO;
				CLANG_CXX_LANGUAGE_STANDARD = "gnu++0x";
				CLANG_CXX_LIBRARY = "libc++";
				CLANG_ENABLE_MODULES = YES;
				CLANG_ENABLE_OBJC_ARC = YES;
				CLANG_WARN_BOOL_CONVERSION = YES;
				CLANG_WARN_CONSTANT_CONVERSION = YES;
				CLANG_WARN_DIRECT_OBJC_ISA_USAGE = YES_ERROR;
				CLANG_WARN_EMPTY_BODY = YES;
				CLANG_WARN_ENUM_CONVERSION = YES;
				CLANG_WARN_INT_CONVERSION = YES;
				CLANG_WARN_OBJC_ROOT_CLASS = YES_ERROR;
				CLANG_WARN_UNREACHABLE_CODE = YES;
				CLANG_WARN__DUPLICATE_METHOD_MATCH = YES;
				"CODE_SIGN_IDENTITY[sdk=iphoneos*]" = "iPhone Developer: Giv Parvaneh (ERU6Z4YNM8)";
				COPY_PHASE_STRIP = NO;
				DEBUG_INFORMATION_FORMAT = "dwarf-with-dsym";
				ENABLE_NS_ASSERTIONS = NO;
				ENABLE_STRICT_OBJC_MSGSEND = YES;
				GCC_C_LANGUAGE_STANDARD = gnu99;
				GCC_NO_COMMON_BLOCKS = YES;
				GCC_WARN_64_TO_32_BIT_CONVERSION = YES;
				GCC_WARN_ABOUT_RETURN_TYPE = YES_ERROR;
				GCC_WARN_UNDECLARED_SELECTOR = YES;
				GCC_WARN_UNINITIALIZED_AUTOS = YES_AGGRESSIVE;
				GCC_WARN_UNUSED_FUNCTION = YES;
				GCC_WARN_UNUSED_VARIABLE = YES;
				IPHONEOS_DEPLOYMENT_TARGET = 9.0;
				MTL_ENABLE_DEBUG_INFO = NO;
				SDKROOT = iphoneos;
				VALIDATE_PRODUCT = YES;
			};
			name = Release;
		};
		535E101D1BD5ECA000D5DBDD /* Debug */ = {
			isa = XCBuildConfiguration;
			baseConfigurationReference = E749114ADEAA82A987191991 /* Pods-kalxfm.debug.xcconfig */;
			buildSettings = {
				ASSETCATALOG_COMPILER_APPICON_NAME = AppIcon;
				CODE_SIGN_IDENTITY = "";
				"CODE_SIGN_IDENTITY[sdk=iphoneos*]" = "";
				INFOPLIST_FILE = kalxfm/Info.plist;
				LD_RUNPATH_SEARCH_PATHS = "$(inherited) @executable_path/Frameworks";
				PRODUCT_BUNDLE_IDENTIFIER = org.givp.kalxfm;
				PRODUCT_NAME = "$(TARGET_NAME)";
				PROVISIONING_PROFILE = "7ed3bb2a-6f89-443d-a3e4-24fec4dec33c";
			};
			name = Debug;
		};
		535E101E1BD5ECA000D5DBDD /* Release */ = {
			isa = XCBuildConfiguration;
			baseConfigurationReference = 3978DAB3A0944EC5AC9A8CB9 /* Pods-kalxfm.release.xcconfig */;
			buildSettings = {
				ASSETCATALOG_COMPILER_APPICON_NAME = AppIcon;
				CODE_SIGN_IDENTITY = "";
				"CODE_SIGN_IDENTITY[sdk=iphoneos*]" = "";
				INFOPLIST_FILE = kalxfm/Info.plist;
				LD_RUNPATH_SEARCH_PATHS = "$(inherited) @executable_path/Frameworks";
				PRODUCT_BUNDLE_IDENTIFIER = org.givp.kalxfm;
				PRODUCT_NAME = "$(TARGET_NAME)";
				PROVISIONING_PROFILE = "7ed3bb2a-6f89-443d-a3e4-24fec4dec33c";
			};
			name = Release;
		};
/* End XCBuildConfiguration section */

/* Begin XCConfigurationList section */
		535E10001BD5ECA000D5DBDD /* Build configuration list for PBXProject "kalxfm" */ = {
			isa = XCConfigurationList;
			buildConfigurations = (
				535E101A1BD5ECA000D5DBDD /* Debug */,
				535E101B1BD5ECA000D5DBDD /* Release */,
			);
			defaultConfigurationIsVisible = 0;
			defaultConfigurationName = Release;
		};
		535E101C1BD5ECA000D5DBDD /* Build configuration list for PBXNativeTarget "kalxfm" */ = {
			isa = XCConfigurationList;
			buildConfigurations = (
				535E101D1BD5ECA000D5DBDD /* Debug */,
				535E101E1BD5ECA000D5DBDD /* Release */,
			);
			defaultConfigurationIsVisible = 0;
			defaultConfigurationName = Release;
		};
/* End XCConfigurationList section */
	};
	rootObject = 535E0FFD1BD5ECA000D5DBDD /* Project object */;
}
